
Microsoft Visual Studio Solution File, Format Version 12.00
# Visual Studio Version 16
VisualStudioVersion = 16.0.29201.188
MinimumVisualStudioVersion = 10.0.40219.1
Project("{FAE04EC0-301F-11D3-BF4B-00C04F79EFBC}") = "T1-Koulunumero", "T1-Koulunumero\T1-Koulunumero.csproj", "{7E48A198-8AAA-4BAC-9111-ED0DB4905FD3}"
EndProject
Project("{FAE04EC0-301F-11D3-BF4B-00C04F79EFBC}") = "T2-Mäkihyppy", "T2-Mäkihyppy\T2-Mäkihyppy.csproj", "{7A8AD13C-8C83-40A7-917A-F77EAA78CFF2}"
EndProject
Project("{FAE04EC0-301F-11D3-BF4B-00C04F79EFBC}") = "T3-Kulutus", "T3-Kulutus\T3-Kulutus.csproj", "{C21AF672-851C-4E40-A2EA-0AEEB6B7AAB2}"
EndProject
Project("{FAE04EC0-301F-11D3-BF4B-00C04F79EFBC}") = "T4-Palindromi", "T3-Palindromi\T4-Palindromi.csproj", "{8CC5AB8F-6A7D-4E74-8108-034252B206FE}"
EndProject
Project("{FAE04EC0-301F-11D3-BF4B-00C04F79EFBC}") = "T5-Nimet", "T5-Nimet\T5-Nimet.csproj", "{CDAB9A9A-8DB3-419E-A2C6-70C7777C181E}"
EndProject
Project("{FAE04EC0-301F-11D3-BF4B-00C04F79EFBC}") = "T6-Kiuas", "T6-Kiuas\T6-Kiuas.csproj", "{DF600598-DAE9-4800-A229-A00BAC46C1F9}"
EndProject
Project("{FAE04EC0-301F-11D3-BF4B-00C04F79EFBC}") = "demot", "demot\demot.csproj", "{55D8E107-0678-4AA3-B691-EA86667E7889}"
EndProject
Project("{FAE04EC0-301F-11D3-BF4B-00C04F79EFBC}") = "T7-Pesukone", "T7-Pesukone\T7-Pesukone.csproj", "{B1A8BAB1-6D98-4804-995F-B531CEB4AE6D}"
EndProject
Project("{FAE04EC0-301F-11D3-BF4B-00C04F79EFBC}") = "T8-Televisio", "T8-Televisio\T8-Televisio.csproj", "{92375383-A4E0-4E94-8325-7A15DB20778E}"
EndProject
Project("{FAE04EC0-301F-11D3-BF4B-00C04F79EFBC}") = "T9-Vehicle", "T9-Vehicle\T9-Vehicle.csproj", "{B6640A8B-DF02-439B-BF42-0CE600DCEB50}"
EndProject
Project("{FAE04EC0-301F-11D3-BF4B-00C04F79EFBC}") = "T10-Opiskelija", "T10-Opiskelija\T10-Opiskelija.csproj", "{07518ED3-B94E-498C-9F39-C064083D8C69}"
EndProject
Project("{FAE04EC0-301F-11D3-BF4B-00C04F79EFBC}") = "T11-CD", "T11-CD\T11-CD.csproj", "{0A6ED706-0B83-497E-A3F5-727577309EBF}"
EndProject
Project("{FAE04EC0-301F-11D3-BF4B-00C04F79EFBC}") = "T12-Tank", "T12-Tank\T12-Tank.csproj", "{B7564062-3F21-4A47-B360-01235B8D5948}"
EndProject
Project("{FAE04EC0-301F-11D3-BF4B-00C04F79EFBC}") = "T15-Employees", "T15-Employees\T15-Employees.csproj", "{9049A747-B715-41F3-87C1-0D3891D52EB9}"
EndProject
Project("{FAE04EC0-301F-11D3-BF4B-00C04F79EFBC}") = "T13-Elevator", "T13-Elevator\T13-Elevator.csproj", "{F66DA6F0-7E72-41CA-A32F-167147C2279A}"
EndProject
Project("{FAE04EC0-301F-11D3-BF4B-00C04F79EFBC}") = "T14-Amplifier", "T14-Amplifier\T14-Amplifier.csproj", "{6DCF7442-65D3-4963-95C9-0E4AF89BC49C}"
EndProject
Project("{FAE04EC0-301F-11D3-BF4B-00C04F79EFBC}") = "T16-Vehicles", "T16-Vehicles\T16-Vehicles.csproj", "{F99C3326-95FE-4E66-973D-2F723B2AA6D6}"
EndProject
Project("{FAE04EC0-301F-11D3-BF4B-00C04F79EFBC}") = "T17-Radio", "T17-Radio\T17-Radio.csproj", "{13781E77-1A0E-48DE-A08C-B9459133FC1E}"
EndProject
Project("{FAE04EC0-301F-11D3-BF4B-00C04F79EFBC}") = "T18-Tavarat", "T18-Tavarat\T18-Tavarat.csproj", "{B2EA459B-778E-453A-9D94-9FC55412E06B}"
EndProject
Project("{FAE04EC0-301F-11D3-BF4B-00C04F79EFBC}") = "T19-Perintä", "T19-Perintä\T19-Perintä.csproj", "{16257FAC-5120-44E3-97FF-153A32EDE5B5}"
EndProject
Project("{FAE04EC0-301F-11D3-BF4B-00C04F79EFBC}") = "T20-Nisäkäs", "T20-Nisäkäs\T20-Nisäkäs.csproj", "{CA8FED3E-1E40-45F2-92C0-2E79F3508229}"
EndProject
Project("{FAE04EC0-301F-11D3-BF4B-00C04F79EFBC}") = "T26-Auto", "T26-Auto\T26-Auto.csproj", "{66B73591-4B8F-4B2C-B018-9E1CF6BA3969}"
EndProject
Project("{FAE04EC0-301F-11D3-BF4B-00C04F79EFBC}") = "T24-Kortit", "T24-Kortit\T24-Kortit.csproj", "{730EFF2A-1CB7-4AF3-9C69-842F56782490}"
EndProject
Project("{FAE04EC0-301F-11D3-BF4B-00C04F79EFBC}") = "T28-Liiga", "T28-Liiga\T28-Liiga.csproj", "{7D0C682D-3584-4570-B5A9-2187F2C54942}"
EndProject
Project("{FAE04EC0-301F-11D3-BF4B-00C04F79EFBC}") = "T21-Kassa", "T21-Kassa\T21-Kassa.csproj", "{A864F893-B9A0-4590-89B2-66B743F880C3}"
EndProject
Project("{FAE04EC0-301F-11D3-BF4B-00C04F79EFBC}") = "T23-NewCD", "T23-NewCD\T23-NewCD.csproj", "{F095CB0F-1145-4CD0-9C0F-EE8A85824CD3}"
EndProject
Project("{FAE04EC0-301F-11D3-BF4B-00C04F79EFBC}") = "T31-MiniAsio", "T31-MiniAsio\T31-MiniAsio.csproj", "{E2791DF5-493C-490A-8870-0761EED5E228}"
EndProject
Project("{FAE04EC0-301F-11D3-BF4B-00C04F79EFBC}") = "T32-Random", "T32-Random\T32-Random.csproj", "{45800D52-9C21-45B6-B316-ACDBC1981881}"
EndProject
Project("{FAE04EC0-301F-11D3-BF4B-00C04F79EFBC}") = "T34-Lambda", "T34-Lambda\T34-Lambda.csproj", "{8D507DBD-A9E9-4F67-9F4C-09C55B610FF5}"
EndProject
Project("{FAE04EC0-301F-11D3-BF4B-00C04F79EFBC}") = "T38-Noppa", "T38-Noppa\T38-Noppa.csproj", "{142A2C90-DBEB-486F-A6F2-C69746926269}"
EndProject
Project("{FAE04EC0-301F-11D3-BF4B-00C04F79EFBC}") = "T35-Laskutoimituksia", "T35-Laskutoimituksia\T35-Laskutoimituksia.csproj", "{FD789139-1E5E-4798-A542-BD5AFA97B800}"
EndProject
Project("{FAE04EC0-301F-11D3-BF4B-00C04F79EFBC}") = "T36-Ostoskärry", "T36-Ostoskärry\T36-Ostoskärry.csproj", "{F6C9431F-A592-469C-8FA6-AEDD6C10E321}"
EndProject
Project("{FAE04EC0-301F-11D3-BF4B-00C04F79EFBC}") = "T35-LaskutoimituksiaTests", "T35-LaskutoimituksiaTests\T35-LaskutoimituksiaTests.csproj", "{BD6AC2B0-E150-491A-AAA7-0BF75C22464A}"
EndProject
Project("{FAE04EC0-301F-11D3-BF4B-00C04F79EFBC}") = "T36-OstoskärryTests2", "T36-OstoskärryTests2\T36-OstoskärryTests2.csproj", "{9DD54828-5E42-45F7-9EC2-9496F1956F36}"
EndProject
Project("{FAE04EC0-301F-11D3-BF4B-00C04F79EFBC}") = "T40-Kuviot", "T40-Kuviot\T40-Kuviot.csproj", "{456159AD-61CF-4556-83EB-19CAC619C65D}"
EndProject
Project("{FAE04EC0-301F-11D3-BF4B-00C04F79EFBC}") = "T-33 Delegaatti", "T-33 Delegaatti\T-33 Delegaatti.csproj", "{CB352230-FD9A-4B04-8E3E-AEDF88574E74}"
EndProject
Global
	GlobalSection(SolutionConfigurationPlatforms) = preSolution
		Debug|Any CPU = Debug|Any CPU
		Release|Any CPU = Release|Any CPU
	EndGlobalSection
	GlobalSection(ProjectConfigurationPlatforms) = postSolution
		{7E48A198-8AAA-4BAC-9111-ED0DB4905FD3}.Debug|Any CPU.ActiveCfg = Debug|Any CPU
		{7E48A198-8AAA-4BAC-9111-ED0DB4905FD3}.Debug|Any CPU.Build.0 = Debug|Any CPU
		{7E48A198-8AAA-4BAC-9111-ED0DB4905FD3}.Release|Any CPU.ActiveCfg = Release|Any CPU
		{7E48A198-8AAA-4BAC-9111-ED0DB4905FD3}.Release|Any CPU.Build.0 = Release|Any CPU
		{7A8AD13C-8C83-40A7-917A-F77EAA78CFF2}.Debug|Any CPU.ActiveCfg = Debug|Any CPU
		{7A8AD13C-8C83-40A7-917A-F77EAA78CFF2}.Debug|Any CPU.Build.0 = Debug|Any CPU
		{7A8AD13C-8C83-40A7-917A-F77EAA78CFF2}.Release|Any CPU.ActiveCfg = Release|Any CPU
		{7A8AD13C-8C83-40A7-917A-F77EAA78CFF2}.Release|Any CPU.Build.0 = Release|Any CPU
		{C21AF672-851C-4E40-A2EA-0AEEB6B7AAB2}.Debug|Any CPU.ActiveCfg = Debug|Any CPU
		{C21AF672-851C-4E40-A2EA-0AEEB6B7AAB2}.Debug|Any CPU.Build.0 = Debug|Any CPU
		{C21AF672-851C-4E40-A2EA-0AEEB6B7AAB2}.Release|Any CPU.ActiveCfg = Release|Any CPU
		{C21AF672-851C-4E40-A2EA-0AEEB6B7AAB2}.Release|Any CPU.Build.0 = Release|Any CPU
		{8CC5AB8F-6A7D-4E74-8108-034252B206FE}.Debug|Any CPU.ActiveCfg = Debug|Any CPU
		{8CC5AB8F-6A7D-4E74-8108-034252B206FE}.Debug|Any CPU.Build.0 = Debug|Any CPU
		{8CC5AB8F-6A7D-4E74-8108-034252B206FE}.Release|Any CPU.ActiveCfg = Release|Any CPU
		{8CC5AB8F-6A7D-4E74-8108-034252B206FE}.Release|Any CPU.Build.0 = Release|Any CPU
		{CDAB9A9A-8DB3-419E-A2C6-70C7777C181E}.Debug|Any CPU.ActiveCfg = Debug|Any CPU
		{CDAB9A9A-8DB3-419E-A2C6-70C7777C181E}.Debug|Any CPU.Build.0 = Debug|Any CPU
		{CDAB9A9A-8DB3-419E-A2C6-70C7777C181E}.Release|Any CPU.ActiveCfg = Release|Any CPU
		{CDAB9A9A-8DB3-419E-A2C6-70C7777C181E}.Release|Any CPU.Build.0 = Release|Any CPU
		{DF600598-DAE9-4800-A229-A00BAC46C1F9}.Debug|Any CPU.ActiveCfg = Debug|Any CPU
		{DF600598-DAE9-4800-A229-A00BAC46C1F9}.Debug|Any CPU.Build.0 = Debug|Any CPU
		{DF600598-DAE9-4800-A229-A00BAC46C1F9}.Release|Any CPU.ActiveCfg = Release|Any CPU
		{DF600598-DAE9-4800-A229-A00BAC46C1F9}.Release|Any CPU.Build.0 = Release|Any CPU
		{55D8E107-0678-4AA3-B691-EA86667E7889}.Debug|Any CPU.ActiveCfg = Debug|Any CPU
		{55D8E107-0678-4AA3-B691-EA86667E7889}.Debug|Any CPU.Build.0 = Debug|Any CPU
		{55D8E107-0678-4AA3-B691-EA86667E7889}.Release|Any CPU.ActiveCfg = Release|Any CPU
		{55D8E107-0678-4AA3-B691-EA86667E7889}.Release|Any CPU.Build.0 = Release|Any CPU
		{B1A8BAB1-6D98-4804-995F-B531CEB4AE6D}.Debug|Any CPU.ActiveCfg = Debug|Any CPU
		{B1A8BAB1-6D98-4804-995F-B531CEB4AE6D}.Debug|Any CPU.Build.0 = Debug|Any CPU
		{B1A8BAB1-6D98-4804-995F-B531CEB4AE6D}.Release|Any CPU.ActiveCfg = Release|Any CPU
		{B1A8BAB1-6D98-4804-995F-B531CEB4AE6D}.Release|Any CPU.Build.0 = Release|Any CPU
		{92375383-A4E0-4E94-8325-7A15DB20778E}.Debug|Any CPU.ActiveCfg = Debug|Any CPU
		{92375383-A4E0-4E94-8325-7A15DB20778E}.Debug|Any CPU.Build.0 = Debug|Any CPU
		{92375383-A4E0-4E94-8325-7A15DB20778E}.Release|Any CPU.ActiveCfg = Release|Any CPU
		{92375383-A4E0-4E94-8325-7A15DB20778E}.Release|Any CPU.Build.0 = Release|Any CPU
		{B6640A8B-DF02-439B-BF42-0CE600DCEB50}.Debug|Any CPU.ActiveCfg = Debug|Any CPU
		{B6640A8B-DF02-439B-BF42-0CE600DCEB50}.Debug|Any CPU.Build.0 = Debug|Any CPU
		{B6640A8B-DF02-439B-BF42-0CE600DCEB50}.Release|Any CPU.ActiveCfg = Release|Any CPU
		{B6640A8B-DF02-439B-BF42-0CE600DCEB50}.Release|Any CPU.Build.0 = Release|Any CPU
		{07518ED3-B94E-498C-9F39-C064083D8C69}.Debug|Any CPU.ActiveCfg = Debug|Any CPU
		{07518ED3-B94E-498C-9F39-C064083D8C69}.Debug|Any CPU.Build.0 = Debug|Any CPU
		{07518ED3-B94E-498C-9F39-C064083D8C69}.Release|Any CPU.ActiveCfg = Release|Any CPU
		{07518ED3-B94E-498C-9F39-C064083D8C69}.Release|Any CPU.Build.0 = Release|Any CPU
		{0A6ED706-0B83-497E-A3F5-727577309EBF}.Debug|Any CPU.ActiveCfg = Debug|Any CPU
		{0A6ED706-0B83-497E-A3F5-727577309EBF}.Debug|Any CPU.Build.0 = Debug|Any CPU
		{0A6ED706-0B83-497E-A3F5-727577309EBF}.Release|Any CPU.ActiveCfg = Release|Any CPU
		{0A6ED706-0B83-497E-A3F5-727577309EBF}.Release|Any CPU.Build.0 = Release|Any CPU
		{B7564062-3F21-4A47-B360-01235B8D5948}.Debug|Any CPU.ActiveCfg = Debug|Any CPU
		{B7564062-3F21-4A47-B360-01235B8D5948}.Debug|Any CPU.Build.0 = Debug|Any CPU
		{B7564062-3F21-4A47-B360-01235B8D5948}.Release|Any CPU.ActiveCfg = Release|Any CPU
		{B7564062-3F21-4A47-B360-01235B8D5948}.Release|Any CPU.Build.0 = Release|Any CPU
		{9049A747-B715-41F3-87C1-0D3891D52EB9}.Debug|Any CPU.ActiveCfg = Debug|Any CPU
		{9049A747-B715-41F3-87C1-0D3891D52EB9}.Debug|Any CPU.Build.0 = Debug|Any CPU
		{9049A747-B715-41F3-87C1-0D3891D52EB9}.Release|Any CPU.ActiveCfg = Release|Any CPU
		{9049A747-B715-41F3-87C1-0D3891D52EB9}.Release|Any CPU.Build.0 = Release|Any CPU
		{F66DA6F0-7E72-41CA-A32F-167147C2279A}.Debug|Any CPU.ActiveCfg = Debug|Any CPU
		{F66DA6F0-7E72-41CA-A32F-167147C2279A}.Debug|Any CPU.Build.0 = Debug|Any CPU
		{F66DA6F0-7E72-41CA-A32F-167147C2279A}.Release|Any CPU.ActiveCfg = Release|Any CPU
		{F66DA6F0-7E72-41CA-A32F-167147C2279A}.Release|Any CPU.Build.0 = Release|Any CPU
		{6DCF7442-65D3-4963-95C9-0E4AF89BC49C}.Debug|Any CPU.ActiveCfg = Debug|Any CPU
		{6DCF7442-65D3-4963-95C9-0E4AF89BC49C}.Debug|Any CPU.Build.0 = Debug|Any CPU
		{6DCF7442-65D3-4963-95C9-0E4AF89BC49C}.Release|Any CPU.ActiveCfg = Release|Any CPU
		{6DCF7442-65D3-4963-95C9-0E4AF89BC49C}.Release|Any CPU.Build.0 = Release|Any CPU
		{F99C3326-95FE-4E66-973D-2F723B2AA6D6}.Debug|Any CPU.ActiveCfg = Debug|Any CPU
		{F99C3326-95FE-4E66-973D-2F723B2AA6D6}.Debug|Any CPU.Build.0 = Debug|Any CPU
		{F99C3326-95FE-4E66-973D-2F723B2AA6D6}.Release|Any CPU.ActiveCfg = Release|Any CPU
		{F99C3326-95FE-4E66-973D-2F723B2AA6D6}.Release|Any CPU.Build.0 = Release|Any CPU
		{13781E77-1A0E-48DE-A08C-B9459133FC1E}.Debug|Any CPU.ActiveCfg = Debug|Any CPU
		{13781E77-1A0E-48DE-A08C-B9459133FC1E}.Debug|Any CPU.Build.0 = Debug|Any CPU
		{13781E77-1A0E-48DE-A08C-B9459133FC1E}.Release|Any CPU.ActiveCfg = Release|Any CPU
		{13781E77-1A0E-48DE-A08C-B9459133FC1E}.Release|Any CPU.Build.0 = Release|Any CPU
		{B2EA459B-778E-453A-9D94-9FC55412E06B}.Debug|Any CPU.ActiveCfg = Debug|Any CPU
		{B2EA459B-778E-453A-9D94-9FC55412E06B}.Debug|Any CPU.Build.0 = Debug|Any CPU
		{B2EA459B-778E-453A-9D94-9FC55412E06B}.Release|Any CPU.ActiveCfg = Release|Any CPU
		{B2EA459B-778E-453A-9D94-9FC55412E06B}.Release|Any CPU.Build.0 = Release|Any CPU
		{16257FAC-5120-44E3-97FF-153A32EDE5B5}.Debug|Any CPU.ActiveCfg = Debug|Any CPU
		{16257FAC-5120-44E3-97FF-153A32EDE5B5}.Debug|Any CPU.Build.0 = Debug|Any CPU
		{16257FAC-5120-44E3-97FF-153A32EDE5B5}.Release|Any CPU.ActiveCfg = Release|Any CPU
		{16257FAC-5120-44E3-97FF-153A32EDE5B5}.Release|Any CPU.Build.0 = Release|Any CPU
		{CA8FED3E-1E40-45F2-92C0-2E79F3508229}.Debug|Any CPU.ActiveCfg = Debug|Any CPU
		{CA8FED3E-1E40-45F2-92C0-2E79F3508229}.Debug|Any CPU.Build.0 = Debug|Any CPU
		{CA8FED3E-1E40-45F2-92C0-2E79F3508229}.Release|Any CPU.ActiveCfg = Release|Any CPU
		{CA8FED3E-1E40-45F2-92C0-2E79F3508229}.Release|Any CPU.Build.0 = Release|Any CPU
		{66B73591-4B8F-4B2C-B018-9E1CF6BA3969}.Debug|Any CPU.ActiveCfg = Debug|Any CPU
		{66B73591-4B8F-4B2C-B018-9E1CF6BA3969}.Debug|Any CPU.Build.0 = Debug|Any CPU
		{66B73591-4B8F-4B2C-B018-9E1CF6BA3969}.Release|Any CPU.ActiveCfg = Release|Any CPU
		{66B73591-4B8F-4B2C-B018-9E1CF6BA3969}.Release|Any CPU.Build.0 = Release|Any CPU
		{730EFF2A-1CB7-4AF3-9C69-842F56782490}.Debug|Any CPU.ActiveCfg = Debug|Any CPU
		{730EFF2A-1CB7-4AF3-9C69-842F56782490}.Debug|Any CPU.Build.0 = Debug|Any CPU
		{730EFF2A-1CB7-4AF3-9C69-842F56782490}.Release|Any CPU.ActiveCfg = Release|Any CPU
		{730EFF2A-1CB7-4AF3-9C69-842F56782490}.Release|Any CPU.Build.0 = Release|Any CPU
		{7D0C682D-3584-4570-B5A9-2187F2C54942}.Debug|Any CPU.ActiveCfg = Debug|Any CPU
		{7D0C682D-3584-4570-B5A9-2187F2C54942}.Debug|Any CPU.Build.0 = Debug|Any CPU
		{7D0C682D-3584-4570-B5A9-2187F2C54942}.Release|Any CPU.ActiveCfg = Release|Any CPU
		{7D0C682D-3584-4570-B5A9-2187F2C54942}.Release|Any CPU.Build.0 = Release|Any CPU
		{A864F893-B9A0-4590-89B2-66B743F880C3}.Debug|Any CPU.ActiveCfg = Debug|Any CPU
		{A864F893-B9A0-4590-89B2-66B743F880C3}.Debug|Any CPU.Build.0 = Debug|Any CPU
		{A864F893-B9A0-4590-89B2-66B743F880C3}.Release|Any CPU.ActiveCfg = Release|Any CPU
		{A864F893-B9A0-4590-89B2-66B743F880C3}.Release|Any CPU.Build.0 = Release|Any CPU
		{F095CB0F-1145-4CD0-9C0F-EE8A85824CD3}.Debug|Any CPU.ActiveCfg = Debug|Any CPU
		{F095CB0F-1145-4CD0-9C0F-EE8A85824CD3}.Debug|Any CPU.Build.0 = Debug|Any CPU
		{F095CB0F-1145-4CD0-9C0F-EE8A85824CD3}.Release|Any CPU.ActiveCfg = Release|Any CPU
		{F095CB0F-1145-4CD0-9C0F-EE8A85824CD3}.Release|Any CPU.Build.0 = Release|Any CPU
		{E2791DF5-493C-490A-8870-0761EED5E228}.Debug|Any CPU.ActiveCfg = Debug|Any CPU
		{E2791DF5-493C-490A-8870-0761EED5E228}.Debug|Any CPU.Build.0 = Debug|Any CPU
		{E2791DF5-493C-490A-8870-0761EED5E228}.Release|Any CPU.ActiveCfg = Release|Any CPU
		{E2791DF5-493C-490A-8870-0761EED5E228}.Release|Any CPU.Build.0 = Release|Any CPU
		{45800D52-9C21-45B6-B316-ACDBC1981881}.Debug|Any CPU.ActiveCfg = Debug|Any CPU
		{45800D52-9C21-45B6-B316-ACDBC1981881}.Debug|Any CPU.Build.0 = Debug|Any CPU
		{45800D52-9C21-45B6-B316-ACDBC1981881}.Release|Any CPU.ActiveCfg = Release|Any CPU
		{45800D52-9C21-45B6-B316-ACDBC1981881}.Release|Any CPU.Build.0 = Release|Any CPU
		{8D507DBD-A9E9-4F67-9F4C-09C55B610FF5}.Debug|Any CPU.ActiveCfg = Debug|Any CPU
		{8D507DBD-A9E9-4F67-9F4C-09C55B610FF5}.Debug|Any CPU.Build.0 = Debug|Any CPU
		{8D507DBD-A9E9-4F67-9F4C-09C55B610FF5}.Release|Any CPU.ActiveCfg = Release|Any CPU
		{8D507DBD-A9E9-4F67-9F4C-09C55B610FF5}.Release|Any CPU.Build.0 = Release|Any CPU
		{142A2C90-DBEB-486F-A6F2-C69746926269}.Debug|Any CPU.ActiveCfg = Debug|Any CPU
		{142A2C90-DBEB-486F-A6F2-C69746926269}.Debug|Any CPU.Build.0 = Debug|Any CPU
		{142A2C90-DBEB-486F-A6F2-C69746926269}.Release|Any CPU.ActiveCfg = Release|Any CPU
		{142A2C90-DBEB-486F-A6F2-C69746926269}.Release|Any CPU.Build.0 = Release|Any CPU
		{FD789139-1E5E-4798-A542-BD5AFA97B800}.Debug|Any CPU.ActiveCfg = Debug|Any CPU
		{FD789139-1E5E-4798-A542-BD5AFA97B800}.Debug|Any CPU.Build.0 = Debug|Any CPU
		{FD789139-1E5E-4798-A542-BD5AFA97B800}.Release|Any CPU.ActiveCfg = Release|Any CPU
		{FD789139-1E5E-4798-A542-BD5AFA97B800}.Release|Any CPU.Build.0 = Release|Any CPU
		{F6C9431F-A592-469C-8FA6-AEDD6C10E321}.Debug|Any CPU.ActiveCfg = Debug|Any CPU
		{F6C9431F-A592-469C-8FA6-AEDD6C10E321}.Debug|Any CPU.Build.0 = Debug|Any CPU
		{F6C9431F-A592-469C-8FA6-AEDD6C10E321}.Release|Any CPU.ActiveCfg = Release|Any CPU
		{F6C9431F-A592-469C-8FA6-AEDD6C10E321}.Release|Any CPU.Build.0 = Release|Any CPU
		{BD6AC2B0-E150-491A-AAA7-0BF75C22464A}.Debug|Any CPU.ActiveCfg = Debug|Any CPU
		{BD6AC2B0-E150-491A-AAA7-0BF75C22464A}.Debug|Any CPU.Build.0 = Debug|Any CPU
		{BD6AC2B0-E150-491A-AAA7-0BF75C22464A}.Release|Any CPU.ActiveCfg = Release|Any CPU
		{BD6AC2B0-E150-491A-AAA7-0BF75C22464A}.Release|Any CPU.Build.0 = Release|Any CPU
		{9DD54828-5E42-45F7-9EC2-9496F1956F36}.Debug|Any CPU.ActiveCfg = Debug|Any CPU
		{9DD54828-5E42-45F7-9EC2-9496F1956F36}.Debug|Any CPU.Build.0 = Debug|Any CPU
		{9DD54828-5E42-45F7-9EC2-9496F1956F36}.Release|Any CPU.ActiveCfg = Release|Any CPU
		{9DD54828-5E42-45F7-9EC2-9496F1956F36}.Release|Any CPU.Build.0 = Release|Any CPU
		{456159AD-61CF-4556-83EB-19CAC619C65D}.Debug|Any CPU.ActiveCfg = Debug|Any CPU
		{456159AD-61CF-4556-83EB-19CAC619C65D}.Debug|Any CPU.Build.0 = Debug|Any CPU
		{456159AD-61CF-4556-83EB-19CAC619C65D}.Release|Any CPU.ActiveCfg = Release|Any CPU
		{456159AD-61CF-4556-83EB-19CAC619C65D}.Release|Any CPU.Build.0 = Release|Any CPU
		{CB352230-FD9A-4B04-8E3E-AEDF88574E74}.Debug|Any CPU.ActiveCfg = Debug|Any CPU
		{CB352230-FD9A-4B04-8E3E-AEDF88574E74}.Debug|Any CPU.Build.0 = Debug|Any CPU
		{CB352230-FD9A-4B04-8E3E-AEDF88574E74}.Release|Any CPU.ActiveCfg = Release|Any CPU
		{CB352230-FD9A-4B04-8E3E-AEDF88574E74}.Release|Any CPU.Build.0 = Release|Any CPU
	EndGlobalSection
	GlobalSection(SolutionProperties) = preSolution
		HideSolutionNode = FALSE
	EndGlobalSection
	GlobalSection(ExtensibilityGlobals) = postSolution
		SolutionGuid = {0AD7613E-78A4-4617-BF75-404DB75D4AD3}
	EndGlobalSection
EndGlobal
